{
  "name": "map",
  "version": "1.0.0",
  "lockfileVersion": 1,
  "requires": true,
  "dependencies": {
    "@types/googlemaps": {
      "version": "3.43.2",
      "resolved": "https://registry.npmjs.org/@types/googlemaps/-/googlemaps-3.43.2.tgz",
      "integrity": "sha512-qiu5rms7+bgLciKAXpRsxVB1P+Z6gbSxuO8tZfdyQV2k5e5L/7GjUI6Z69rMR+7YFmqU9vwOUglLQ6NJyP/K8g=="
    },
    "faker": {
      "version": "5.3.1",
      "resolved": "https://registry.npmjs.org/faker/-/faker-5.3.1.tgz",
      "integrity": "sha512-sVdoApX/awJHO9DZHZsHVaJBNFiJW0n3lPs0q/nFxp/Mtya1dr2sCMktST3mdxNMHjkvKTTMAW488E+jH1eSbg=="
    }
  }
}
